
Microsoft Visual Studio Solution File, Format Version 12.00
# Visual Studio Version 17
VisualStudioVersion = 17.14.36212.18 d17.14
MinimumVisualStudioVersion = 10.0.40219.1
Project("{FAE04EC0-301F-11D3-BF4B-00C04F79EFBC}") = "TendersApi", "TendersApi\TendersApi.csproj", "{09AEEFAA-831A-4440-B2AE-20D5175F99A3}"
EndProject
Global
	GlobalSection(SolutionConfigurationPlatforms) = preSolution
		Debug|Any CPU = Debug|Any CPU
		Release|Any CPU = Release|Any CPU
	EndGlobalSection
	GlobalSection(ProjectConfigurationPlatforms) = postSolution
		{09AEEFAA-831A-4440-B2AE-20D5175F99A3}.Debug|Any CPU.ActiveCfg = Debug|Any CPU
		{09AEEFAA-831A-4440-B2AE-20D5175F99A3}.Debug|Any CPU.Build.0 = Debug|Any CPU
		{09AEEFAA-831A-4440-B2AE-20D5175F99A3}.Release|Any CPU.ActiveCfg = Release|Any CPU
		{09AEEFAA-831A-4440-B2AE-20D5175F99A3}.Release|Any CPU.Build.0 = Release|Any CPU
	EndGlobalSection
	GlobalSection(SolutionProperties) = preSolution
		HideSolutionNode = FALSE
	EndGlobalSection
	GlobalSection(ExtensibilityGlobals) = postSolution
		SolutionGuid = {478E415D-A9FA-47C1-BEB1-486429C76F83}
	EndGlobalSection
EndGlobal
